
Microsoft Visual Studio Solution File, Format Version 12.00
# Visual Studio Version 16
VisualStudioVersion = 16.0.30011.22
MinimumVisualStudioVersion = 10.0.40219.1
Project("{FAE04EC0-301F-11D3-BF4B-00C04F79EFBC}") = "Draco-Encoder-Decoder", "Draco-Encoder-Decoder\Draco-Encoder-Decoder.csproj", "{37C2A69C-14C1-42AA-9F74-2D1587C53890}"
EndProject
Global
	GlobalSection(SolutionConfigurationPlatforms) = preSolution
		Debug|Any CPU = Debug|Any CPU
		Release|Any CPU = Release|Any CPU
	EndGlobalSection
	GlobalSection(ProjectConfigurationPlatforms) = postSolution
		{37C2A69C-14C1-42AA-9F74-2D1587C53890}.Debug|Any CPU.ActiveCfg = Debug|Any CPU
		{37C2A69C-14C1-42AA-9F74-2D1587C53890}.Debug|Any CPU.Build.0 = Debug|Any CPU
		{37C2A69C-14C1-42AA-9F74-2D1587C53890}.Release|Any CPU.ActiveCfg = Release|Any CPU
		{37C2A69C-14C1-42AA-9F74-2D1587C53890}.Release|Any CPU.Build.0 = Release|Any CPU
	EndGlobalSection
	GlobalSection(SolutionProperties) = preSolution
		HideSolutionNode = FALSE
	EndGlobalSection
	GlobalSection(ExtensibilityGlobals) = postSolution
		SolutionGuid = {52B1FE82-8A44-4BC4-83E9-E6309DFC53A0}
	EndGlobalSection
EndGlobal
